
Microsoft Visual Studio Solution File, Format Version 12.00
# Visual Studio Version 16
VisualStudioVersion = 16.0.28803.202
MinimumVisualStudioVersion = 10.0.40219.1
Project("{FAE04EC0-301F-11D3-BF4B-00C04F79EFBC}") = "OrderProgram", "OrderProgram\OrderProgram.csproj", "{1D6518BF-35B1-485A-B5C9-BB5B032C4F9C}"
EndProject
Global
	GlobalSection(SolutionConfigurationPlatforms) = preSolution
		Debug|Any CPU = Debug|Any CPU
		Release|Any CPU = Release|Any CPU
	EndGlobalSection
	GlobalSection(ProjectConfigurationPlatforms) = postSolution
		{1D6518BF-35B1-485A-B5C9-BB5B032C4F9C}.Debug|Any CPU.ActiveCfg = Debug|Any CPU
		{1D6518BF-35B1-485A-B5C9-BB5B032C4F9C}.Debug|Any CPU.Build.0 = Debug|Any CPU
		{1D6518BF-35B1-485A-B5C9-BB5B032C4F9C}.Release|Any CPU.ActiveCfg = Release|Any CPU
		{1D6518BF-35B1-485A-B5C9-BB5B032C4F9C}.Release|Any CPU.Build.0 = Release|Any CPU
	EndGlobalSection
	GlobalSection(SolutionProperties) = preSolution
		HideSolutionNode = FALSE
	EndGlobalSection
	GlobalSection(ExtensibilityGlobals) = postSolution
		SolutionGuid = {4AB9B0BE-ECF7-42B3-B171-AE16571B4AB0}
	EndGlobalSection
EndGlobal
